// !$*UTF8*$!
{
	archiveVersion = 1;
	classes = {
	};
	objectVersion = 50;
	objects = {

/* Begin PBXBuildFile section */
		138B96F12188AE8600FDF465 /* AppDelegate.swift in Sources */ = {isa = PBXBuildFile; fileRef = 138B96F02188AE8600FDF465 /* AppDelegate.swift */; };
		138B96F32188AE8600FDF465 /* ViewController.swift in Sources */ = {isa = PBXBuildFile; fileRef = 138B96F22188AE8600FDF465 /* ViewController.swift */; };
		138B96F62188AE8600FDF465 /* Main.storyboard in Resources */ = {isa = PBXBuildFile; fileRef = 138B96F42188AE8600FDF465 /* Main.storyboard */; };
		138B96F82188AE8800FDF465 /* Assets.xcassets in Resources */ = {isa = PBXBuildFile; fileRef = 138B96F72188AE8800FDF465 /* Assets.xcassets */; };
		138B96FB2188AE8800FDF465 /* LaunchScreen.storyboard in Resources */ = {isa = PBXBuildFile; fileRef = 138B96F92188AE8800FDF465 /* LaunchScreen.storyboard */; };
		138B97252188C81000FDF465 /* MPPlayButton.swift in Sources */ = {isa = PBXBuildFile; fileRef = 138B971F2188C81000FDF465 /* MPPlayButton.swift */; };
		138B97262188C81000FDF465 /* MPPlayerActivityIndicicatorView.swift in Sources */ = {isa = PBXBuildFile; fileRef = 138B97202188C81000FDF465 /* MPPlayerActivityIndicicatorView.swift */; };
		138B97272188C81000FDF465 /* MPPlayerRotateButton.swift in Sources */ = {isa = PBXBuildFile; fileRef = 138B97212188C81000FDF465 /* MPPlayerRotateButton.swift */; };
		138B97282188C81000FDF465 /* MPPlayer.swift in Sources */ = {isa = PBXBuildFile; fileRef = 138B97222188C81000FDF465 /* MPPlayer.swift */; };
		138B97292188C81000FDF465 /* MPPlayerSlider.swift in Sources */ = {isa = PBXBuildFile; fileRef = 138B97232188C81000FDF465 /* MPPlayerSlider.swift */; };
		138B972A2188C81000FDF465 /* MPPlayProgressView.swift in Sources */ = {isa = PBXBuildFile; fileRef = 138B97242188C81000FDF465 /* MPPlayProgressView.swift */; };
/* End PBXBuildFile section */

/* Begin PBXFileReference section */
		138B96ED2188AE8600FDF465 /* MPVideoPlayer.app */ = {isa = PBXFileReference; explicitFileType = wrapper.application; includeInIndex = 0; path = MPVideoPlayer.app; sourceTree = BUILT_PRODUCTS_DIR; };
		138B96F02188AE8600FDF465 /* AppDelegate.swift */ = {isa = PBXFileReference; lastKnownFileType = sourcecode.swift; path = AppDelegate.swift; sourceTree = "<group>"; };
		138B96F22188AE8600FDF465 /* ViewController.swift */ = {isa = PBXFileReference; lastKnownFileType = sourcecode.swift; path = ViewController.swift; sourceTree = "<group>"; };
		138B96F52188AE8600FDF465 /* Base */ = {isa = PBXFileReference; lastKnownFileType = file.storyboard; name = Base; path = Base.lproj/Main.storyboard; sourceTree = "<group>"; };
		138B96F72188AE8800FDF465 /* Assets.xcassets */ = {isa = PBXFileReference; lastKnownFileType = folder.assetcatalog; path = Assets.xcassets; sourceTree = "<group>"; };
		138B96FA2188AE8800FDF465 /* Base */ = {isa = PBXFileReference; lastKnownFileType = file.storyboard; name = Base; path = Base.lproj/LaunchScreen.storyboard; sourceTree = "<group>"; };
		138B96FC2188AE8800FDF465 /* Info.plist */ = {isa = PBXFileReference; lastKnownFileType = text.plist.xml; path = Info.plist; sourceTree = "<group>"; };
		138B971F2188C81000FDF465 /* MPPlayButton.swift */ = {isa = PBXFileReference; fileEncoding = 4; lastKnownFileType = sourcecode.swift; path = MPPlayButton.swift; sourceTree = "<group>"; };
		138B97202188C81000FDF465 /* MPPlayerActivityIndicicatorView.swift */ = {isa = PBXFileReference; fileEncoding = 4; lastKnownFileType = sourcecode.swift; path = MPPlayerActivityIndicicatorView.swift; sourceTree = "<group>"; };
		138B97212188C81000FDF465 /* MPPlayerRotateButton.swift */ = {isa = PBXFileReference; fileEncoding = 4; lastKnownFileType = sourcecode.swift; path = MPPlayerRotateButton.swift; sourceTree = "<group>"; };
		138B97222188C81000FDF465 /* MPPlayer.swift */ = {isa = PBXFileReference; fileEncoding = 4; lastKnownFileType = sourcecode.swift; path = MPPlayer.swift; sourceTree = "<group>"; };
		138B97232188C81000FDF465 /* MPPlayerSlider.swift */ = {isa = PBXFileReference; fileEncoding = 4; lastKnownFileType = sourcecode.swift; path = MPPlayerSlider.swift; sourceTree = "<group>"; };
		138B97242188C81000FDF465 /* MPPlayProgressView.swift */ = {isa = PBXFileReference; fileEncoding = 4; lastKnownFileType = sourcecode.swift; path = MPPlayProgressView.swift; sourceTree = "<group>"; };
/* End PBXFileReference section */

/* Begin PBXFrameworksBuildPhase section */
		138B96EA2188AE8600FDF465 /* Frameworks */ = {
			isa = PBXFrameworksBuildPhase;
			buildActionMask = 2147483647;
			files = (
			);
			runOnlyForDeploymentPostprocessing = 0;
		};
/* End PBXFrameworksBuildPhase section */

/* Begin PBXGroup section */
		138B96E42188AE8600FDF465 = {
			isa = PBXGroup;
			children = (
				138B96EF2188AE8600FDF465 /* MPVideoPlayer */,
				138B96EE2188AE8600FDF465 /* Products */,
			);
			sourceTree = "<group>";
		};
		138B96EE2188AE8600FDF465 /* Products */ = {
			isa = PBXGroup;
			children = (
				138B96ED2188AE8600FDF465 /* MPVideoPlayer.app */,
			);
			name = Products;
			sourceTree = "<group>";
		};
		138B96EF2188AE8600FDF465 /* MPVideoPlayer */ = {
			isa = PBXGroup;
			children = (
				138B971E2188C7FD00FDF465 /* MPPlayer */,
				138B96F02188AE8600FDF465 /* AppDelegate.swift */,
				138B96F22188AE8600FDF465 /* ViewController.swift */,
				138B96F42188AE8600FDF465 /* Main.storyboard */,
				138B96F72188AE8800FDF465 /* Assets.xcassets */,
				138B96F92188AE8800FDF465 /* LaunchScreen.storyboard */,
				138B96FC2188AE8800FDF465 /* Info.plist */,
			);
			path = MPVideoPlayer;
			sourceTree = "<group>";
		};
		138B971E2188C7FD00FDF465 /* MPPlayer */ = {
			isa = PBXGroup;
			children = (
				138B971F2188C81000FDF465 /* MPPlayButton.swift */,
				138B97222188C81000FDF465 /* MPPlayer.swift */,
				138B97202188C81000FDF465 /* MPPlayerActivityIndicicatorView.swift */,
				138B97212188C81000FDF465 /* MPPlayerRotateButton.swift */,
				138B97232188C81000FDF465 /* MPPlayerSlider.swift */,
				138B97242188C81000FDF465 /* MPPlayProgressView.swift */,
			);
			path = MPPlayer;
			sourceTree = "<group>";
		};
/* End PBXGroup section */

/* Begin PBXNativeTarget section */
		138B96EC2188AE8600FDF465 /* MPVideoPlayer */ = {
			isa = PBXNativeTarget;
			buildConfigurationList = 138B96FF2188AE8800FDF465 /* Build configuration list for PBXNativeTarget "MPVideoPlayer" */;
			buildPhases = (
				138B96E92188AE8600FDF465 /* Sources */,
				138B96EA2188AE8600FDF465 /* Frameworks */,
				138B96EB2188AE8600FDF465 /* Resources */,
			);
			buildRules = (
			);
			dependencies = (
			);
			name = MPVideoPlayer;
			productName = MPVideoPlayer;
			productReference = 138B96ED2188AE8600FDF465 /* MPVideoPlayer.app */;
			productType = "com.apple.product-type.application";
		};
/* End PBXNativeTarget section */

/* Begin PBXProject section */
		138B96E52188AE8600FDF465 /* Project object */ = {
			isa = PBXProject;
			attributes = {
				LastSwiftUpdateCheck = 1000;
				LastUpgradeCheck = 1000;
				ORGANIZATIONNAME = MANHYA;
				TargetAttributes = {
					138B96EC2188AE8600FDF465 = {
						CreatedOnToolsVersion = 10.0;
					};
				};
			};
			buildConfigurationList = 138B96E82188AE8600FDF465 /* Build configuration list for PBXProject "MPVideoPlayer" */;
			compatibilityVersion = "Xcode 9.3";
			developmentRegion = en;
			hasScannedForEncodings = 0;
			knownRegions = (
				en,
				Base,
			);
			mainGroup = 138B96E42188AE8600FDF465;
			productRefGroup = 138B96EE2188AE8600FDF465 /* Products */;
			projectDirPath = "";
			projectRoot = "";
			targets = (
				138B96EC2188AE8600FDF465 /* MPVideoPlayer */,
			);
		};
/* End PBXProject section */

/* Begin PBXResourcesBuildPhase section */
		138B96EB2188AE8600FDF465 /* Resources */ = {
			isa = PBXResourcesBuildPhase;
			buildActionMask = 2147483647;
			files = (
				138B96FB2188AE8800FDF465 /* LaunchScreen.storyboard in Resources */,
				138B96F82188AE8800FDF465 /* Assets.xcassets in Resources */,
				138B96F62188AE8600FDF465 /* Main.storyboard in Resources */,
			);
			runOnlyForDeploymentPostprocessing = 0;
		};
/* End PBXResourcesBuildPhase section */

/* Begin PBXSourcesBuildPhase section */
		138B96E92188AE8600FDF465 /* Sources */ = {
			isa = PBXSourcesBuildPhase;
			buildActionMask = 2147483647;
			files = (
				138B97262188C81000FDF465 /* MPPlayerActivityIndicicatorView.swift in Sources */,
				138B97252188C81000FDF465 /* MPPlayButton.swift in Sources */,
				138B97282188C81000FDF465 /* MPPlayer.swift in Sources */,
				138B972A2188C81000FDF465 /* MPPlayProgressView.swift in Sources */,
				138B97272188C81000FDF465 /* MPPlayerRotateButton.swift in Sources */,
				138B97292188C81000FDF465 /* MPPlayerSlider.swift in Sources */,
				138B96F32188AE8600FDF465 /* ViewController.swift in Sources */,
				138B96F12188AE8600FDF465 /* AppDelegate.swift in Sources */,
			);
			runOnlyForDeploymentPostprocessing = 0;
		};
/* End PBXSourcesBuildPhase section */

/* Begin PBXVariantGroup section */
		138B96F42188AE8600FDF465 /* Main.storyboard */ = {
			isa = PBXVariantGroup;
			children = (
				138B96F52188AE8600FDF465 /* Base */,
			);
			name = Main.storyboard;
			sourceTree = "<group>";
		};
		138B96F92188AE8800FDF465 /* LaunchScreen.storyboard */ = {
			isa = PBXVariantGroup;
			children = (
				138B96FA2188AE8800FDF465 /* Base */,
			);
			name = LaunchScreen.storyboard;
			sourceTree = "<group>";
		};
/* End PBXVariantGroup section */

/* Begin XCBuildConfiguration section */
		138B96FD2188AE8800FDF465 /* Debug */ = {
			isa = XCBuildConfiguration;
			buildSettings = {
				ALWAYS_SEARCH_USER_PATHS = NO;
				CLANG_ANALYZER_NONNULL = YES;
				CLANG_ANALYZER_NUMBER_OBJECT_CONVERSION = YES_AGGRESSIVE;
				CLANG_CXX_LANGUAGE_STANDARD = "gnu++14";
				CLANG_CXX_LIBRARY = "libc++";
				CLANG_ENABLE_MODULES = YES;
				CLANG_ENABLE_OBJC_ARC = YES;
				CLANG_ENABLE_OBJC_WEAK = YES;
				CLANG_WARN_BLOCK_CAPTURE_AUTORELEASING = YES;
				CLANG_WARN_BOOL_CONVERSION = YES;
				CLANG_WARN_COMMA = YES;
				CLANG_WARN_CONSTANT_CONVERSION = YES;
				CLANG_WARN_DEPRECATED_OBJC_IMPLEMENTATIONS = YES;
				CLANG_WARN_DIRECT_OBJC_ISA_USAGE = YES_ERROR;
				CLANG_WARN_DOCUMENTATION_COMMENTS = YES;
				CLANG_WARN_EMPTY_BODY = YES;
				CLANG_WARN_ENUM_CONVERSION = YES;
				CLANG_WARN_INFINITE_RECURSION = YES;
				CLANG_WARN_INT_CONVERSION = YES;
				CLANG_WARN_NON_LITERAL_NULL_CONVERSION = YES;
				CLANG_WARN_OBJC_IMPLICIT_RETAIN_SELF = YES;
				CLANG_WARN_OBJC_LITERAL_CONVERSION = YES;
				CLANG_WARN_OBJC_ROOT_CLASS = YES_ERROR;
				CLANG_WARN_RANGE_LOOP_ANALYSIS = YES;
				CLANG_WARN_STRICT_PROTOTYPES = YES;
				CLANG_WARN_SUSPICIOUS_MOVE = YES;
				CLANG_WARN_UNGUARDED_AVAILABILITY = YES_AGGRESSIVE;
				CLANG_WARN_UNREACHABLE_CODE = YES;
				CLANG_WARN__DUPLICATE_METHOD_MATCH = YES;
				CODE_SIGN_IDENTITY = "iPhone Developer";
				COPY_PHASE_STRIP = NO;
				DEBUG_INFORMATION_FORMAT = dwarf;
				ENABLE_STRICT_OBJC_MSGSEND = YES;
				ENABLE_TESTABILITY = YES;
				GCC_C_LANGUAGE_STANDARD = gnu11;
				GCC_DYNAMIC_NO_PIC = NO;
				GCC_NO_COMMON_BLOCKS = YES;
				GCC_OPTIMIZATION_LEVEL = 0;
				GCC_PREPROCESSOR_DEFINITIONS = (
					"DEBUG=1",
					"$(inherited)",
				);
				GCC_WARN_64_TO_32_BIT_CONVERSION = YES;
				GCC_WARN_ABOUT_RETURN_TYPE = YES_ERROR;
				GCC_WARN_UNDECLARED_SELECTOR = YES;
				GCC_WARN_UNINITIALIZED_AUTOS = YES_AGGRESSIVE;
				GCC_WARN_UNUSED_FUNCTION = YES;
				GCC_WARN_UNUSED_VARIABLE = YES;
				IPHONEOS_DEPLOYMENT_TARGET = 12.0;
				MTL_ENABLE_DEBUG_INFO = INCLUDE_SOURCE;
				MTL_FAST_MATH = YES;
				ONLY_ACTIVE_ARCH = YES;
				SDKROOT = iphoneos;
				SWIFT_ACTIVE_COMPILATION_CONDITIONS = DEBUG;
				SWIFT_OPTIMIZATION_LEVEL = "-Onone";
			};
			name = Debug;
		};
		138B96FE2188AE8800FDF465 /* Release */ = {
			isa = XCBuildConfiguration;
			buildSettings = {
				ALWAYS_SEARCH_USER_PATHS = NO;
				CLANG_ANALYZER_NONNULL = YES;
				CLANG_ANALYZER_NUMBER_OBJECT_CONVERSION = YES_AGGRESSIVE;
				CLANG_CXX_LANGUAGE_STANDARD = "gnu++14";
				CLANG_CXX_LIBRARY = "libc++";
				CLANG_ENABLE_MODULES = YES;
				CLANG_ENABLE_OBJC_ARC = YES;
				CLANG_ENABLE_OBJC_WEAK = YES;
				CLANG_WARN_BLOCK_CAPTURE_AUTORELEASING = YES;
				CLANG_WARN_BOOL_CONVERSION = YES;
				CLANG_WARN_COMMA = YES;
				CLANG_WARN_CONSTANT_CONVERSION = YES;
				CLANG_WARN_DEPRECATED_OBJC_IMPLEMENTATIONS = YES;
				CLANG_WARN_DIRECT_OBJC_ISA_USAGE = YES_ERROR;
				CLANG_WARN_DOCUMENTATION_COMMENTS = YES;
				CLANG_WARN_EMPTY_BODY = YES;
				CLANG_WARN_ENUM_CONVERSION = YES;
				CLANG_WARN_INFINITE_RECURSION = YES;
				CLANG_WARN_INT_CONVERSION = YES;
				CLANG_WARN_NON_LITERAL_NULL_CONVERSION = YES;
				CLANG_WARN_OBJC_IMPLICIT_RETAIN_SELF = YES;
				CLANG_WARN_OBJC_LITERAL_CONVERSION = YES;
				CLANG_WARN_OBJC_ROOT_CLASS = YES_ERROR;
				CLANG_WARN_RANGE_LOOP_ANALYSIS = YES;
				CLANG_WARN_STRICT_PROTOTYPES = YES;
				CLANG_WARN_SUSPICIOUS_MOVE = YES;
				CLANG_WARN_UNGUARDED_AVAILABILITY = YES_AGGRESSIVE;
				CLANG_WARN_UNREACHABLE_CODE = YES;
				CLANG_WARN__DUPLICATE_METHOD_MATCH = YES;
				CODE_SIGN_IDENTITY = "iPhone Developer";
				COPY_PHASE_STRIP = NO;
				DEBUG_INFORMATION_FORMAT = "dwarf-with-dsym";
				ENABLE_NS_ASSERTIONS = NO;
				ENABLE_STRICT_OBJC_MSGSEND = YES;
				GCC_C_LANGUAGE_STANDARD = gnu11;
				GCC_NO_COMMON_BLOCKS = YES;
				GCC_WARN_64_TO_32_BIT_CONVERSION = YES;
				GCC_WARN_ABOUT_RETURN_TYPE = YES_ERROR;
				GCC_WARN_UNDECLARED_SELECTOR = YES;
				GCC_WARN_UNINITIALIZED_AUTOS = YES_AGGRESSIVE;
				GCC_WARN_UNUSED_FUNCTION = YES;
				GCC_WARN_UNUSED_VARIABLE = YES;
				IPHONEOS_DEPLOYMENT_TARGET = 12.0;
				MTL_ENABLE_DEBUG_INFO = NO;
				MTL_FAST_MATH = YES;
				SDKROOT = iphoneos;
				SWIFT_COMPILATION_MODE = wholemodule;
				SWIFT_OPTIMIZATION_LEVEL = "-O";
				VALIDATE_PRODUCT = YES;
			};
			name = Release;
		};
		138B97002188AE8800FDF465 /* Debug */ = {
			isa = XCBuildConfiguration;
			buildSettings = {
				ASSETCATALOG_COMPILER_APPICON_NAME = AppIcon;
				CODE_SIGN_STYLE = Automatic;
				DEVELOPMENT_TEAM = ZPLDRYW6K2;
				INFOPLIST_FILE = MPVideoPlayer/Info.plist;
				LD_RUNPATH_SEARCH_PATHS = (
					"$(inherited)",
					"@executable_path/Frameworks",
				);
				PRODUCT_BUNDLE_IDENTIFIER = com.manhya.MPVideoPlayer;
				PRODUCT_NAME = "$(TARGET_NAME)";
				SWIFT_VERSION = 4.2;
				TARGETED_DEVICE_FAMILY = "1,2";
			};
			name = Debug;
		};
		138B97012188AE8800FDF465 /* Release */ = {
			isa = XCBuildConfiguration;
			buildSettings = {
				ASSETCATALOG_COMPILER_APPICON_NAME = AppIcon;
				CODE_SIGN_STYLE = Automatic;
				DEVELOPMENT_TEAM = ZPLDRYW6K2;
				INFOPLIST_FILE = MPVideoPlayer/Info.plist;
				LD_RUNPATH_SEARCH_PATHS = (
					"$(inherited)",
					"@executable_path/Frameworks",
				);
				PRODUCT_BUNDLE_IDENTIFIER = com.manhya.MPVideoPlayer;
				PRODUCT_NAME = "$(TARGET_NAME)";
				SWIFT_VERSION = 4.2;
				TARGETED_DEVICE_FAMILY = "1,2";
			};
			name = Release;
		};
/* End XCBuildConfiguration section */

/* Begin XCConfigurationList section */
		138B96E82188AE8600FDF465 /* Build configuration list for PBXProject "MPVideoPlayer" */ = {
			isa = XCConfigurationList;
			buildConfigurations = (
				138B96FD2188AE8800FDF465 /* Debug */,
				138B96FE2188AE8800FDF465 /* Release */,
			);
			defaultConfigurationIsVisible = 0;
			defaultConfigurationName = Release;
		};
		138B96FF2188AE8800FDF465 /* Build configuration list for PBXNativeTarget "MPVideoPlayer" */ = {
			isa = XCConfigurationList;
			buildConfigurations = (
				138B97002188AE8800FDF465 /* Debug */,
				138B97012188AE8800FDF465 /* Release */,
			);
			defaultConfigurationIsVisible = 0;
			defaultConfigurationName = Release;
		};
/* End XCConfigurationList section */
	};
	rootObject = 138B96E52188AE8600FDF465 /* Project object */;
}
