// !$*UTF8*$!
{
	archiveVersion = 1;
	classes = {
	};
	objectVersion = 50;
	objects = {

/* Begin PBXBuildFile section */
		13FA387124796C0A007D2BC3 /* AppDelegate.swift in Sources */ = {isa = PBXBuildFile; fileRef = 13FA387024796C0A007D2BC3 /* AppDelegate.swift */; };
		13FA387324796C0A007D2BC3 /* SceneDelegate.swift in Sources */ = {isa = PBXBuildFile; fileRef = 13FA387224796C0A007D2BC3 /* SceneDelegate.swift */; };
		13FA387524796C0A007D2BC3 /* ViewController.swift in Sources */ = {isa = PBXBuildFile; fileRef = 13FA387424796C0A007D2BC3 /* ViewController.swift */; };
		13FA387824796C0A007D2BC3 /* Main.storyboard in Resources */ = {isa = PBXBuildFile; fileRef = 13FA387624796C0A007D2BC3 /* Main.storyboard */; };
		13FA387A24796C0F007D2BC3 /* Assets.xcassets in Resources */ = {isa = PBXBuildFile; fileRef = 13FA387924796C0F007D2BC3 /* Assets.xcassets */; };
		13FA387D24796C0F007D2BC3 /* LaunchScreen.storyboard in Resources */ = {isa = PBXBuildFile; fileRef = 13FA387B24796C0F007D2BC3 /* LaunchScreen.storyboard */; };
		13FA388F2479B624007D2BC3 /* VoiceCommand.swift in Sources */ = {isa = PBXBuildFile; fileRef = 13FA388E2479B624007D2BC3 /* VoiceCommand.swift */; };
		13FA38992479B7B8007D2BC3 /* request.mp3 in Resources */ = {isa = PBXBuildFile; fileRef = 13FA38982479B7B8007D2BC3 /* request.mp3 */; };
		13FA389B2479B7CD007D2BC3 /* volume.mp3 in Resources */ = {isa = PBXBuildFile; fileRef = 13FA389A2479B7CD007D2BC3 /* volume.mp3 */; };
		13FA389D2479B7FE007D2BC3 /* bpm.mp3 in Resources */ = {isa = PBXBuildFile; fileRef = 13FA389C2479B7FE007D2BC3 /* bpm.mp3 */; };
		13FA389F2479B819007D2BC3 /* command.mp3 in Resources */ = {isa = PBXBuildFile; fileRef = 13FA389E2479B819007D2BC3 /* command.mp3 */; };
		13FA38A12479D375007D2BC3 /* AVAudioPlayer.swift in Sources */ = {isa = PBXBuildFile; fileRef = 13FA38A02479D375007D2BC3 /* AVAudioPlayer.swift */; };
/* End PBXBuildFile section */

/* Begin PBXFileReference section */
		13FA386D24796C0A007D2BC3 /* MPVoiceCommand.app */ = {isa = PBXFileReference; explicitFileType = wrapper.application; includeInIndex = 0; path = MPVoiceCommand.app; sourceTree = BUILT_PRODUCTS_DIR; };
		13FA387024796C0A007D2BC3 /* AppDelegate.swift */ = {isa = PBXFileReference; lastKnownFileType = sourcecode.swift; path = AppDelegate.swift; sourceTree = "<group>"; };
		13FA387224796C0A007D2BC3 /* SceneDelegate.swift */ = {isa = PBXFileReference; lastKnownFileType = sourcecode.swift; path = SceneDelegate.swift; sourceTree = "<group>"; };
		13FA387424796C0A007D2BC3 /* ViewController.swift */ = {isa = PBXFileReference; lastKnownFileType = sourcecode.swift; path = ViewController.swift; sourceTree = "<group>"; };
		13FA387724796C0A007D2BC3 /* Base */ = {isa = PBXFileReference; lastKnownFileType = file.storyboard; name = Base; path = Base.lproj/Main.storyboard; sourceTree = "<group>"; };
		13FA387924796C0F007D2BC3 /* Assets.xcassets */ = {isa = PBXFileReference; lastKnownFileType = folder.assetcatalog; path = Assets.xcassets; sourceTree = "<group>"; };
		13FA387C24796C0F007D2BC3 /* Base */ = {isa = PBXFileReference; lastKnownFileType = file.storyboard; name = Base; path = Base.lproj/LaunchScreen.storyboard; sourceTree = "<group>"; };
		13FA387E24796C0F007D2BC3 /* Info.plist */ = {isa = PBXFileReference; lastKnownFileType = text.plist.xml; path = Info.plist; sourceTree = "<group>"; };
		13FA388E2479B624007D2BC3 /* VoiceCommand.swift */ = {isa = PBXFileReference; fileEncoding = 4; lastKnownFileType = sourcecode.swift; path = VoiceCommand.swift; sourceTree = "<group>"; };
		13FA38982479B7B8007D2BC3 /* request.mp3 */ = {isa = PBXFileReference; lastKnownFileType = audio.mp3; path = request.mp3; sourceTree = "<group>"; };
		13FA389A2479B7CD007D2BC3 /* volume.mp3 */ = {isa = PBXFileReference; lastKnownFileType = audio.mp3; path = volume.mp3; sourceTree = "<group>"; };
		13FA389C2479B7FE007D2BC3 /* bpm.mp3 */ = {isa = PBXFileReference; lastKnownFileType = audio.mp3; path = bpm.mp3; sourceTree = "<group>"; };
		13FA389E2479B819007D2BC3 /* command.mp3 */ = {isa = PBXFileReference; lastKnownFileType = audio.mp3; path = command.mp3; sourceTree = "<group>"; };
		13FA38A02479D375007D2BC3 /* AVAudioPlayer.swift */ = {isa = PBXFileReference; lastKnownFileType = sourcecode.swift; path = AVAudioPlayer.swift; sourceTree = "<group>"; };
/* End PBXFileReference section */

/* Begin PBXFrameworksBuildPhase section */
		13FA386A24796C0A007D2BC3 /* Frameworks */ = {
			isa = PBXFrameworksBuildPhase;
			buildActionMask = 2147483647;
			files = (
			);
			runOnlyForDeploymentPostprocessing = 0;
		};
/* End PBXFrameworksBuildPhase section */

/* Begin PBXGroup section */
		13FA386424796C0A007D2BC3 = {
			isa = PBXGroup;
			children = (
				13FA386F24796C0A007D2BC3 /* MPVoiceCommand */,
				13FA386E24796C0A007D2BC3 /* Products */,
			);
			sourceTree = "<group>";
		};
		13FA386E24796C0A007D2BC3 /* Products */ = {
			isa = PBXGroup;
			children = (
				13FA386D24796C0A007D2BC3 /* MPVoiceCommand.app */,
			);
			name = Products;
			sourceTree = "<group>";
		};
		13FA386F24796C0A007D2BC3 /* MPVoiceCommand */ = {
			isa = PBXGroup;
			children = (
				13FA387024796C0A007D2BC3 /* AppDelegate.swift */,
				13FA387224796C0A007D2BC3 /* SceneDelegate.swift */,
				13FA387424796C0A007D2BC3 /* ViewController.swift */,
				13FA388E2479B624007D2BC3 /* VoiceCommand.swift */,
				13FA38A02479D375007D2BC3 /* AVAudioPlayer.swift */,
				13FA389C2479B7FE007D2BC3 /* bpm.mp3 */,
				13FA38982479B7B8007D2BC3 /* request.mp3 */,
				13FA389E2479B819007D2BC3 /* command.mp3 */,
				13FA389A2479B7CD007D2BC3 /* volume.mp3 */,
				13FA387624796C0A007D2BC3 /* Main.storyboard */,
				13FA387924796C0F007D2BC3 /* Assets.xcassets */,
				13FA387B24796C0F007D2BC3 /* LaunchScreen.storyboard */,
				13FA387E24796C0F007D2BC3 /* Info.plist */,
			);
			path = MPVoiceCommand;
			sourceTree = "<group>";
		};
/* End PBXGroup section */

/* Begin PBXNativeTarget section */
		13FA386C24796C0A007D2BC3 /* MPVoiceCommand */ = {
			isa = PBXNativeTarget;
			buildConfigurationList = 13FA388124796C0F007D2BC3 /* Build configuration list for PBXNativeTarget "MPVoiceCommand" */;
			buildPhases = (
				13FA386924796C0A007D2BC3 /* Sources */,
				13FA386A24796C0A007D2BC3 /* Frameworks */,
				13FA386B24796C0A007D2BC3 /* Resources */,
			);
			buildRules = (
			);
			dependencies = (
			);
			name = MPVoiceCommand;
			productName = MPVoiceCommand;
			productReference = 13FA386D24796C0A007D2BC3 /* MPVoiceCommand.app */;
			productType = "com.apple.product-type.application";
		};
/* End PBXNativeTarget section */

/* Begin PBXProject section */
		13FA386524796C0A007D2BC3 /* Project object */ = {
			isa = PBXProject;
			attributes = {
				LastSwiftUpdateCheck = 1140;
				LastUpgradeCheck = 1140;
				ORGANIZATIONNAME = MANHYA;
				TargetAttributes = {
					13FA386C24796C0A007D2BC3 = {
						CreatedOnToolsVersion = 11.4.1;
					};
				};
			};
			buildConfigurationList = 13FA386824796C0A007D2BC3 /* Build configuration list for PBXProject "MPVoiceCommand" */;
			compatibilityVersion = "Xcode 9.3";
			developmentRegion = en;
			hasScannedForEncodings = 0;
			knownRegions = (
				en,
				Base,
			);
			mainGroup = 13FA386424796C0A007D2BC3;
			productRefGroup = 13FA386E24796C0A007D2BC3 /* Products */;
			projectDirPath = "";
			projectRoot = "";
			targets = (
				13FA386C24796C0A007D2BC3 /* MPVoiceCommand */,
			);
		};
/* End PBXProject section */

/* Begin PBXResourcesBuildPhase section */
		13FA386B24796C0A007D2BC3 /* Resources */ = {
			isa = PBXResourcesBuildPhase;
			buildActionMask = 2147483647;
			files = (
				13FA387D24796C0F007D2BC3 /* LaunchScreen.storyboard in Resources */,
				13FA389F2479B819007D2BC3 /* command.mp3 in Resources */,
				13FA389B2479B7CD007D2BC3 /* volume.mp3 in Resources */,
				13FA38992479B7B8007D2BC3 /* request.mp3 in Resources */,
				13FA387A24796C0F007D2BC3 /* Assets.xcassets in Resources */,
				13FA389D2479B7FE007D2BC3 /* bpm.mp3 in Resources */,
				13FA387824796C0A007D2BC3 /* Main.storyboard in Resources */,
			);
			runOnlyForDeploymentPostprocessing = 0;
		};
/* End PBXResourcesBuildPhase section */

/* Begin PBXSourcesBuildPhase section */
		13FA386924796C0A007D2BC3 /* Sources */ = {
			isa = PBXSourcesBuildPhase;
			buildActionMask = 2147483647;
			files = (
				13FA387524796C0A007D2BC3 /* ViewController.swift in Sources */,
				13FA387124796C0A007D2BC3 /* AppDelegate.swift in Sources */,
				13FA38A12479D375007D2BC3 /* AVAudioPlayer.swift in Sources */,
				13FA388F2479B624007D2BC3 /* VoiceCommand.swift in Sources */,
				13FA387324796C0A007D2BC3 /* SceneDelegate.swift in Sources */,
			);
			runOnlyForDeploymentPostprocessing = 0;
		};
/* End PBXSourcesBuildPhase section */

/* Begin PBXVariantGroup section */
		13FA387624796C0A007D2BC3 /* Main.storyboard */ = {
			isa = PBXVariantGroup;
			children = (
				13FA387724796C0A007D2BC3 /* Base */,
			);
			name = Main.storyboard;
			sourceTree = "<group>";
		};
		13FA387B24796C0F007D2BC3 /* LaunchScreen.storyboard */ = {
			isa = PBXVariantGroup;
			children = (
				13FA387C24796C0F007D2BC3 /* Base */,
			);
			name = LaunchScreen.storyboard;
			sourceTree = "<group>";
		};
/* End PBXVariantGroup section */

/* Begin XCBuildConfiguration section */
		13FA387F24796C0F007D2BC3 /* Debug */ = {
			isa = XCBuildConfiguration;
			buildSettings = {
				ALWAYS_SEARCH_USER_PATHS = NO;
				CLANG_ANALYZER_NONNULL = YES;
				CLANG_ANALYZER_NUMBER_OBJECT_CONVERSION = YES_AGGRESSIVE;
				CLANG_CXX_LANGUAGE_STANDARD = "gnu++14";
				CLANG_CXX_LIBRARY = "libc++";
				CLANG_ENABLE_MODULES = YES;
				CLANG_ENABLE_OBJC_ARC = YES;
				CLANG_ENABLE_OBJC_WEAK = YES;
				CLANG_WARN_BLOCK_CAPTURE_AUTORELEASING = YES;
				CLANG_WARN_BOOL_CONVERSION = YES;
				CLANG_WARN_COMMA = YES;
				CLANG_WARN_CONSTANT_CONVERSION = YES;
				CLANG_WARN_DEPRECATED_OBJC_IMPLEMENTATIONS = YES;
				CLANG_WARN_DIRECT_OBJC_ISA_USAGE = YES_ERROR;
				CLANG_WARN_DOCUMENTATION_COMMENTS = YES;
				CLANG_WARN_EMPTY_BODY = YES;
				CLANG_WARN_ENUM_CONVERSION = YES;
				CLANG_WARN_INFINITE_RECURSION = YES;
				CLANG_WARN_INT_CONVERSION = YES;
				CLANG_WARN_NON_LITERAL_NULL_CONVERSION = YES;
				CLANG_WARN_OBJC_IMPLICIT_RETAIN_SELF = YES;
				CLANG_WARN_OBJC_LITERAL_CONVERSION = YES;
				CLANG_WARN_OBJC_ROOT_CLASS = YES_ERROR;
				CLANG_WARN_RANGE_LOOP_ANALYSIS = YES;
				CLANG_WARN_STRICT_PROTOTYPES = YES;
				CLANG_WARN_SUSPICIOUS_MOVE = YES;
				CLANG_WARN_UNGUARDED_AVAILABILITY = YES_AGGRESSIVE;
				CLANG_WARN_UNREACHABLE_CODE = YES;
				CLANG_WARN__DUPLICATE_METHOD_MATCH = YES;
				COPY_PHASE_STRIP = NO;
				DEBUG_INFORMATION_FORMAT = dwarf;
				ENABLE_STRICT_OBJC_MSGSEND = YES;
				ENABLE_TESTABILITY = YES;
				GCC_C_LANGUAGE_STANDARD = gnu11;
				GCC_DYNAMIC_NO_PIC = NO;
				GCC_NO_COMMON_BLOCKS = YES;
				GCC_OPTIMIZATION_LEVEL = 0;
				GCC_PREPROCESSOR_DEFINITIONS = (
					"DEBUG=1",
					"$(inherited)",
				);
				GCC_WARN_64_TO_32_BIT_CONVERSION = YES;
				GCC_WARN_ABOUT_RETURN_TYPE = YES_ERROR;
				GCC_WARN_UNDECLARED_SELECTOR = YES;
				GCC_WARN_UNINITIALIZED_AUTOS = YES_AGGRESSIVE;
				GCC_WARN_UNUSED_FUNCTION = YES;
				GCC_WARN_UNUSED_VARIABLE = YES;
				IPHONEOS_DEPLOYMENT_TARGET = 13.4;
				MTL_ENABLE_DEBUG_INFO = INCLUDE_SOURCE;
				MTL_FAST_MATH = YES;
				ONLY_ACTIVE_ARCH = YES;
				SDKROOT = iphoneos;
				SWIFT_ACTIVE_COMPILATION_CONDITIONS = DEBUG;
				SWIFT_OPTIMIZATION_LEVEL = "-Onone";
			};
			name = Debug;
		};
		13FA388024796C0F007D2BC3 /* Release */ = {
			isa = XCBuildConfiguration;
			buildSettings = {
				ALWAYS_SEARCH_USER_PATHS = NO;
				CLANG_ANALYZER_NONNULL = YES;
				CLANG_ANALYZER_NUMBER_OBJECT_CONVERSION = YES_AGGRESSIVE;
				CLANG_CXX_LANGUAGE_STANDARD = "gnu++14";
				CLANG_CXX_LIBRARY = "libc++";
				CLANG_ENABLE_MODULES = YES;
				CLANG_ENABLE_OBJC_ARC = YES;
				CLANG_ENABLE_OBJC_WEAK = YES;
				CLANG_WARN_BLOCK_CAPTURE_AUTORELEASING = YES;
				CLANG_WARN_BOOL_CONVERSION = YES;
				CLANG_WARN_COMMA = YES;
				CLANG_WARN_CONSTANT_CONVERSION = YES;
				CLANG_WARN_DEPRECATED_OBJC_IMPLEMENTATIONS = YES;
				CLANG_WARN_DIRECT_OBJC_ISA_USAGE = YES_ERROR;
				CLANG_WARN_DOCUMENTATION_COMMENTS = YES;
				CLANG_WARN_EMPTY_BODY = YES;
				CLANG_WARN_ENUM_CONVERSION = YES;
				CLANG_WARN_INFINITE_RECURSION = YES;
				CLANG_WARN_INT_CONVERSION = YES;
				CLANG_WARN_NON_LITERAL_NULL_CONVERSION = YES;
				CLANG_WARN_OBJC_IMPLICIT_RETAIN_SELF = YES;
				CLANG_WARN_OBJC_LITERAL_CONVERSION = YES;
				CLANG_WARN_OBJC_ROOT_CLASS = YES_ERROR;
				CLANG_WARN_RANGE_LOOP_ANALYSIS = YES;
				CLANG_WARN_STRICT_PROTOTYPES = YES;
				CLANG_WARN_SUSPICIOUS_MOVE = YES;
				CLANG_WARN_UNGUARDED_AVAILABILITY = YES_AGGRESSIVE;
				CLANG_WARN_UNREACHABLE_CODE = YES;
				CLANG_WARN__DUPLICATE_METHOD_MATCH = YES;
				COPY_PHASE_STRIP = NO;
				DEBUG_INFORMATION_FORMAT = "dwarf-with-dsym";
				ENABLE_NS_ASSERTIONS = NO;
				ENABLE_STRICT_OBJC_MSGSEND = YES;
				GCC_C_LANGUAGE_STANDARD = gnu11;
				GCC_NO_COMMON_BLOCKS = YES;
				GCC_WARN_64_TO_32_BIT_CONVERSION = YES;
				GCC_WARN_ABOUT_RETURN_TYPE = YES_ERROR;
				GCC_WARN_UNDECLARED_SELECTOR = YES;
				GCC_WARN_UNINITIALIZED_AUTOS = YES_AGGRESSIVE;
				GCC_WARN_UNUSED_FUNCTION = YES;
				GCC_WARN_UNUSED_VARIABLE = YES;
				IPHONEOS_DEPLOYMENT_TARGET = 13.4;
				MTL_ENABLE_DEBUG_INFO = NO;
				MTL_FAST_MATH = YES;
				SDKROOT = iphoneos;
				SWIFT_COMPILATION_MODE = wholemodule;
				SWIFT_OPTIMIZATION_LEVEL = "-O";
				VALIDATE_PRODUCT = YES;
			};
			name = Release;
		};
		13FA388224796C0F007D2BC3 /* Debug */ = {
			isa = XCBuildConfiguration;
			buildSettings = {
				ASSETCATALOG_COMPILER_APPICON_NAME = AppIcon;
				CODE_SIGN_STYLE = Automatic;
				DEVELOPMENT_TEAM = ZPLDRYW6K2;
				INFOPLIST_FILE = MPVoiceCommand/Info.plist;
				IPHONEOS_DEPLOYMENT_TARGET = 13.0;
				LD_RUNPATH_SEARCH_PATHS = (
					"$(inherited)",
					"@executable_path/Frameworks",
				);
				PRODUCT_BUNDLE_IDENTIFIER = com.MANHYA.MPVoiceCommand;
				PRODUCT_NAME = "$(TARGET_NAME)";
				SWIFT_VERSION = 5.0;
				TARGETED_DEVICE_FAMILY = "1,2";
			};
			name = Debug;
		};
		13FA388324796C0F007D2BC3 /* Release */ = {
			isa = XCBuildConfiguration;
			buildSettings = {
				ASSETCATALOG_COMPILER_APPICON_NAME = AppIcon;
				CODE_SIGN_STYLE = Automatic;
				DEVELOPMENT_TEAM = ZPLDRYW6K2;
				INFOPLIST_FILE = MPVoiceCommand/Info.plist;
				IPHONEOS_DEPLOYMENT_TARGET = 13.0;
				LD_RUNPATH_SEARCH_PATHS = (
					"$(inherited)",
					"@executable_path/Frameworks",
				);
				PRODUCT_BUNDLE_IDENTIFIER = com.MANHYA.MPVoiceCommand;
				PRODUCT_NAME = "$(TARGET_NAME)";
				SWIFT_VERSION = 5.0;
				TARGETED_DEVICE_FAMILY = "1,2";
			};
			name = Release;
		};
/* End XCBuildConfiguration section */

/* Begin XCConfigurationList section */
		13FA386824796C0A007D2BC3 /* Build configuration list for PBXProject "MPVoiceCommand" */ = {
			isa = XCConfigurationList;
			buildConfigurations = (
				13FA387F24796C0F007D2BC3 /* Debug */,
				13FA388024796C0F007D2BC3 /* Release */,
			);
			defaultConfigurationIsVisible = 0;
			defaultConfigurationName = Release;
		};
		13FA388124796C0F007D2BC3 /* Build configuration list for PBXNativeTarget "MPVoiceCommand" */ = {
			isa = XCConfigurationList;
			buildConfigurations = (
				13FA388224796C0F007D2BC3 /* Debug */,
				13FA388324796C0F007D2BC3 /* Release */,
			);
			defaultConfigurationIsVisible = 0;
			defaultConfigurationName = Release;
		};
/* End XCConfigurationList section */
	};
	rootObject = 13FA386524796C0A007D2BC3 /* Project object */;
}
