// !$*UTF8*$!
{
	archiveVersion = 1;
	classes = {
	};
	objectVersion = 50;
	objects = {

/* Begin PBXBuildFile section */
		131BCC992474F3C9006112F9 /* AppDelegate.swift in Sources */ = {isa = PBXBuildFile; fileRef = 131BCC982474F3C9006112F9 /* AppDelegate.swift */; };
		131BCC9B2474F3C9006112F9 /* SceneDelegate.swift in Sources */ = {isa = PBXBuildFile; fileRef = 131BCC9A2474F3C9006112F9 /* SceneDelegate.swift */; };
		131BCC9D2474F3C9006112F9 /* ViewController.swift in Sources */ = {isa = PBXBuildFile; fileRef = 131BCC9C2474F3C9006112F9 /* ViewController.swift */; };
		131BCCA02474F3C9006112F9 /* Main.storyboard in Resources */ = {isa = PBXBuildFile; fileRef = 131BCC9E2474F3C9006112F9 /* Main.storyboard */; };
		131BCCA22474F3CF006112F9 /* Assets.xcassets in Resources */ = {isa = PBXBuildFile; fileRef = 131BCCA12474F3CF006112F9 /* Assets.xcassets */; };
		131BCCA52474F3CF006112F9 /* LaunchScreen.storyboard in Resources */ = {isa = PBXBuildFile; fileRef = 131BCCA32474F3CF006112F9 /* LaunchScreen.storyboard */; };
		131BCCAE2474F3E1006112F9 /* Manager.swift in Sources */ = {isa = PBXBuildFile; fileRef = 131BCCAC2474F3E1006112F9 /* Manager.swift */; };
		131BCCAF2474F3E1006112F9 /* Router.swift in Sources */ = {isa = PBXBuildFile; fileRef = 131BCCAD2474F3E1006112F9 /* Router.swift */; };
		131BCCB12474F3F3006112F9 /* ViewController2.swift in Sources */ = {isa = PBXBuildFile; fileRef = 131BCCB02474F3F3006112F9 /* ViewController2.swift */; };
		131BCCB3247506FD006112F9 /* BaseNavigationController.swift in Sources */ = {isa = PBXBuildFile; fileRef = 131BCCB2247506FD006112F9 /* BaseNavigationController.swift */; };
/* End PBXBuildFile section */

/* Begin PBXFileReference section */
		131BCC952474F3C9006112F9 /* MPRouterManagerDelegate.app */ = {isa = PBXFileReference; explicitFileType = wrapper.application; includeInIndex = 0; path = MPRouterManagerDelegate.app; sourceTree = BUILT_PRODUCTS_DIR; };
		131BCC982474F3C9006112F9 /* AppDelegate.swift */ = {isa = PBXFileReference; lastKnownFileType = sourcecode.swift; path = AppDelegate.swift; sourceTree = "<group>"; };
		131BCC9A2474F3C9006112F9 /* SceneDelegate.swift */ = {isa = PBXFileReference; lastKnownFileType = sourcecode.swift; path = SceneDelegate.swift; sourceTree = "<group>"; };
		131BCC9C2474F3C9006112F9 /* ViewController.swift */ = {isa = PBXFileReference; lastKnownFileType = sourcecode.swift; path = ViewController.swift; sourceTree = "<group>"; };
		131BCC9F2474F3C9006112F9 /* Base */ = {isa = PBXFileReference; lastKnownFileType = file.storyboard; name = Base; path = Base.lproj/Main.storyboard; sourceTree = "<group>"; };
		131BCCA12474F3CF006112F9 /* Assets.xcassets */ = {isa = PBXFileReference; lastKnownFileType = folder.assetcatalog; path = Assets.xcassets; sourceTree = "<group>"; };
		131BCCA42474F3CF006112F9 /* Base */ = {isa = PBXFileReference; lastKnownFileType = file.storyboard; name = Base; path = Base.lproj/LaunchScreen.storyboard; sourceTree = "<group>"; };
		131BCCA62474F3CF006112F9 /* Info.plist */ = {isa = PBXFileReference; lastKnownFileType = text.plist.xml; path = Info.plist; sourceTree = "<group>"; };
		131BCCAC2474F3E1006112F9 /* Manager.swift */ = {isa = PBXFileReference; fileEncoding = 4; lastKnownFileType = sourcecode.swift; path = Manager.swift; sourceTree = "<group>"; };
		131BCCAD2474F3E1006112F9 /* Router.swift */ = {isa = PBXFileReference; fileEncoding = 4; lastKnownFileType = sourcecode.swift; path = Router.swift; sourceTree = "<group>"; };
		131BCCB02474F3F3006112F9 /* ViewController2.swift */ = {isa = PBXFileReference; fileEncoding = 4; lastKnownFileType = sourcecode.swift; path = ViewController2.swift; sourceTree = "<group>"; };
		131BCCB2247506FD006112F9 /* BaseNavigationController.swift */ = {isa = PBXFileReference; lastKnownFileType = sourcecode.swift; path = BaseNavigationController.swift; sourceTree = "<group>"; };
/* End PBXFileReference section */

/* Begin PBXFrameworksBuildPhase section */
		131BCC922474F3C9006112F9 /* Frameworks */ = {
			isa = PBXFrameworksBuildPhase;
			buildActionMask = 2147483647;
			files = (
			);
			runOnlyForDeploymentPostprocessing = 0;
		};
/* End PBXFrameworksBuildPhase section */

/* Begin PBXGroup section */
		131BCC8C2474F3C9006112F9 = {
			isa = PBXGroup;
			children = (
				131BCC972474F3C9006112F9 /* MPRouterManagerDelegate */,
				131BCC962474F3C9006112F9 /* Products */,
			);
			sourceTree = "<group>";
		};
		131BCC962474F3C9006112F9 /* Products */ = {
			isa = PBXGroup;
			children = (
				131BCC952474F3C9006112F9 /* MPRouterManagerDelegate.app */,
			);
			name = Products;
			sourceTree = "<group>";
		};
		131BCC972474F3C9006112F9 /* MPRouterManagerDelegate */ = {
			isa = PBXGroup;
			children = (
				131BCC982474F3C9006112F9 /* AppDelegate.swift */,
				131BCC9A2474F3C9006112F9 /* SceneDelegate.swift */,
				131BCCAD2474F3E1006112F9 /* Router.swift */,
				131BCCAC2474F3E1006112F9 /* Manager.swift */,
				131BCC9C2474F3C9006112F9 /* ViewController.swift */,
				131BCCB02474F3F3006112F9 /* ViewController2.swift */,
				131BCCB2247506FD006112F9 /* BaseNavigationController.swift */,
				131BCC9E2474F3C9006112F9 /* Main.storyboard */,
				131BCCA12474F3CF006112F9 /* Assets.xcassets */,
				131BCCA32474F3CF006112F9 /* LaunchScreen.storyboard */,
				131BCCA62474F3CF006112F9 /* Info.plist */,
			);
			path = MPRouterManagerDelegate;
			sourceTree = "<group>";
		};
/* End PBXGroup section */

/* Begin PBXNativeTarget section */
		131BCC942474F3C9006112F9 /* MPRouterManagerDelegate */ = {
			isa = PBXNativeTarget;
			buildConfigurationList = 131BCCA92474F3CF006112F9 /* Build configuration list for PBXNativeTarget "MPRouterManagerDelegate" */;
			buildPhases = (
				131BCC912474F3C9006112F9 /* Sources */,
				131BCC922474F3C9006112F9 /* Frameworks */,
				131BCC932474F3C9006112F9 /* Resources */,
			);
			buildRules = (
			);
			dependencies = (
			);
			name = MPRouterManagerDelegate;
			productName = MPRouterManagerDelegate;
			productReference = 131BCC952474F3C9006112F9 /* MPRouterManagerDelegate.app */;
			productType = "com.apple.product-type.application";
		};
/* End PBXNativeTarget section */

/* Begin PBXProject section */
		131BCC8D2474F3C9006112F9 /* Project object */ = {
			isa = PBXProject;
			attributes = {
				LastSwiftUpdateCheck = 1140;
				LastUpgradeCheck = 1140;
				ORGANIZATIONNAME = MANHYA;
				TargetAttributes = {
					131BCC942474F3C9006112F9 = {
						CreatedOnToolsVersion = 11.4.1;
					};
				};
			};
			buildConfigurationList = 131BCC902474F3C9006112F9 /* Build configuration list for PBXProject "MPRouterManagerDelegate" */;
			compatibilityVersion = "Xcode 9.3";
			developmentRegion = en;
			hasScannedForEncodings = 0;
			knownRegions = (
				en,
				Base,
			);
			mainGroup = 131BCC8C2474F3C9006112F9;
			productRefGroup = 131BCC962474F3C9006112F9 /* Products */;
			projectDirPath = "";
			projectRoot = "";
			targets = (
				131BCC942474F3C9006112F9 /* MPRouterManagerDelegate */,
			);
		};
/* End PBXProject section */

/* Begin PBXResourcesBuildPhase section */
		131BCC932474F3C9006112F9 /* Resources */ = {
			isa = PBXResourcesBuildPhase;
			buildActionMask = 2147483647;
			files = (
				131BCCA52474F3CF006112F9 /* LaunchScreen.storyboard in Resources */,
				131BCCA22474F3CF006112F9 /* Assets.xcassets in Resources */,
				131BCCA02474F3C9006112F9 /* Main.storyboard in Resources */,
			);
			runOnlyForDeploymentPostprocessing = 0;
		};
/* End PBXResourcesBuildPhase section */

/* Begin PBXSourcesBuildPhase section */
		131BCC912474F3C9006112F9 /* Sources */ = {
			isa = PBXSourcesBuildPhase;
			buildActionMask = 2147483647;
			files = (
				131BCC9D2474F3C9006112F9 /* ViewController.swift in Sources */,
				131BCC992474F3C9006112F9 /* AppDelegate.swift in Sources */,
				131BCCAF2474F3E1006112F9 /* Router.swift in Sources */,
				131BCC9B2474F3C9006112F9 /* SceneDelegate.swift in Sources */,
				131BCCAE2474F3E1006112F9 /* Manager.swift in Sources */,
				131BCCB12474F3F3006112F9 /* ViewController2.swift in Sources */,
				131BCCB3247506FD006112F9 /* BaseNavigationController.swift in Sources */,
			);
			runOnlyForDeploymentPostprocessing = 0;
		};
/* End PBXSourcesBuildPhase section */

/* Begin PBXVariantGroup section */
		131BCC9E2474F3C9006112F9 /* Main.storyboard */ = {
			isa = PBXVariantGroup;
			children = (
				131BCC9F2474F3C9006112F9 /* Base */,
			);
			name = Main.storyboard;
			sourceTree = "<group>";
		};
		131BCCA32474F3CF006112F9 /* LaunchScreen.storyboard */ = {
			isa = PBXVariantGroup;
			children = (
				131BCCA42474F3CF006112F9 /* Base */,
			);
			name = LaunchScreen.storyboard;
			sourceTree = "<group>";
		};
/* End PBXVariantGroup section */

/* Begin XCBuildConfiguration section */
		131BCCA72474F3CF006112F9 /* Debug */ = {
			isa = XCBuildConfiguration;
			buildSettings = {
				ALWAYS_SEARCH_USER_PATHS = NO;
				CLANG_ANALYZER_NONNULL = YES;
				CLANG_ANALYZER_NUMBER_OBJECT_CONVERSION = YES_AGGRESSIVE;
				CLANG_CXX_LANGUAGE_STANDARD = "gnu++14";
				CLANG_CXX_LIBRARY = "libc++";
				CLANG_ENABLE_MODULES = YES;
				CLANG_ENABLE_OBJC_ARC = YES;
				CLANG_ENABLE_OBJC_WEAK = YES;
				CLANG_WARN_BLOCK_CAPTURE_AUTORELEASING = YES;
				CLANG_WARN_BOOL_CONVERSION = YES;
				CLANG_WARN_COMMA = YES;
				CLANG_WARN_CONSTANT_CONVERSION = YES;
				CLANG_WARN_DEPRECATED_OBJC_IMPLEMENTATIONS = YES;
				CLANG_WARN_DIRECT_OBJC_ISA_USAGE = YES_ERROR;
				CLANG_WARN_DOCUMENTATION_COMMENTS = YES;
				CLANG_WARN_EMPTY_BODY = YES;
				CLANG_WARN_ENUM_CONVERSION = YES;
				CLANG_WARN_INFINITE_RECURSION = YES;
				CLANG_WARN_INT_CONVERSION = YES;
				CLANG_WARN_NON_LITERAL_NULL_CONVERSION = YES;
				CLANG_WARN_OBJC_IMPLICIT_RETAIN_SELF = YES;
				CLANG_WARN_OBJC_LITERAL_CONVERSION = YES;
				CLANG_WARN_OBJC_ROOT_CLASS = YES_ERROR;
				CLANG_WARN_RANGE_LOOP_ANALYSIS = YES;
				CLANG_WARN_STRICT_PROTOTYPES = YES;
				CLANG_WARN_SUSPICIOUS_MOVE = YES;
				CLANG_WARN_UNGUARDED_AVAILABILITY = YES_AGGRESSIVE;
				CLANG_WARN_UNREACHABLE_CODE = YES;
				CLANG_WARN__DUPLICATE_METHOD_MATCH = YES;
				COPY_PHASE_STRIP = NO;
				DEBUG_INFORMATION_FORMAT = dwarf;
				ENABLE_STRICT_OBJC_MSGSEND = YES;
				ENABLE_TESTABILITY = YES;
				GCC_C_LANGUAGE_STANDARD = gnu11;
				GCC_DYNAMIC_NO_PIC = NO;
				GCC_NO_COMMON_BLOCKS = YES;
				GCC_OPTIMIZATION_LEVEL = 0;
				GCC_PREPROCESSOR_DEFINITIONS = (
					"DEBUG=1",
					"$(inherited)",
				);
				GCC_WARN_64_TO_32_BIT_CONVERSION = YES;
				GCC_WARN_ABOUT_RETURN_TYPE = YES_ERROR;
				GCC_WARN_UNDECLARED_SELECTOR = YES;
				GCC_WARN_UNINITIALIZED_AUTOS = YES_AGGRESSIVE;
				GCC_WARN_UNUSED_FUNCTION = YES;
				GCC_WARN_UNUSED_VARIABLE = YES;
				IPHONEOS_DEPLOYMENT_TARGET = 13.4;
				MTL_ENABLE_DEBUG_INFO = INCLUDE_SOURCE;
				MTL_FAST_MATH = YES;
				ONLY_ACTIVE_ARCH = YES;
				SDKROOT = iphoneos;
				SWIFT_ACTIVE_COMPILATION_CONDITIONS = DEBUG;
				SWIFT_OPTIMIZATION_LEVEL = "-Onone";
			};
			name = Debug;
		};
		131BCCA82474F3CF006112F9 /* Release */ = {
			isa = XCBuildConfiguration;
			buildSettings = {
				ALWAYS_SEARCH_USER_PATHS = NO;
				CLANG_ANALYZER_NONNULL = YES;
				CLANG_ANALYZER_NUMBER_OBJECT_CONVERSION = YES_AGGRESSIVE;
				CLANG_CXX_LANGUAGE_STANDARD = "gnu++14";
				CLANG_CXX_LIBRARY = "libc++";
				CLANG_ENABLE_MODULES = YES;
				CLANG_ENABLE_OBJC_ARC = YES;
				CLANG_ENABLE_OBJC_WEAK = YES;
				CLANG_WARN_BLOCK_CAPTURE_AUTORELEASING = YES;
				CLANG_WARN_BOOL_CONVERSION = YES;
				CLANG_WARN_COMMA = YES;
				CLANG_WARN_CONSTANT_CONVERSION = YES;
				CLANG_WARN_DEPRECATED_OBJC_IMPLEMENTATIONS = YES;
				CLANG_WARN_DIRECT_OBJC_ISA_USAGE = YES_ERROR;
				CLANG_WARN_DOCUMENTATION_COMMENTS = YES;
				CLANG_WARN_EMPTY_BODY = YES;
				CLANG_WARN_ENUM_CONVERSION = YES;
				CLANG_WARN_INFINITE_RECURSION = YES;
				CLANG_WARN_INT_CONVERSION = YES;
				CLANG_WARN_NON_LITERAL_NULL_CONVERSION = YES;
				CLANG_WARN_OBJC_IMPLICIT_RETAIN_SELF = YES;
				CLANG_WARN_OBJC_LITERAL_CONVERSION = YES;
				CLANG_WARN_OBJC_ROOT_CLASS = YES_ERROR;
				CLANG_WARN_RANGE_LOOP_ANALYSIS = YES;
				CLANG_WARN_STRICT_PROTOTYPES = YES;
				CLANG_WARN_SUSPICIOUS_MOVE = YES;
				CLANG_WARN_UNGUARDED_AVAILABILITY = YES_AGGRESSIVE;
				CLANG_WARN_UNREACHABLE_CODE = YES;
				CLANG_WARN__DUPLICATE_METHOD_MATCH = YES;
				COPY_PHASE_STRIP = NO;
				DEBUG_INFORMATION_FORMAT = "dwarf-with-dsym";
				ENABLE_NS_ASSERTIONS = NO;
				ENABLE_STRICT_OBJC_MSGSEND = YES;
				GCC_C_LANGUAGE_STANDARD = gnu11;
				GCC_NO_COMMON_BLOCKS = YES;
				GCC_WARN_64_TO_32_BIT_CONVERSION = YES;
				GCC_WARN_ABOUT_RETURN_TYPE = YES_ERROR;
				GCC_WARN_UNDECLARED_SELECTOR = YES;
				GCC_WARN_UNINITIALIZED_AUTOS = YES_AGGRESSIVE;
				GCC_WARN_UNUSED_FUNCTION = YES;
				GCC_WARN_UNUSED_VARIABLE = YES;
				IPHONEOS_DEPLOYMENT_TARGET = 13.4;
				MTL_ENABLE_DEBUG_INFO = NO;
				MTL_FAST_MATH = YES;
				SDKROOT = iphoneos;
				SWIFT_COMPILATION_MODE = wholemodule;
				SWIFT_OPTIMIZATION_LEVEL = "-O";
				VALIDATE_PRODUCT = YES;
			};
			name = Release;
		};
		131BCCAA2474F3CF006112F9 /* Debug */ = {
			isa = XCBuildConfiguration;
			buildSettings = {
				ASSETCATALOG_COMPILER_APPICON_NAME = AppIcon;
				CODE_SIGN_STYLE = Automatic;
				DEVELOPMENT_TEAM = ZPLDRYW6K2;
				INFOPLIST_FILE = MPRouterManagerDelegate/Info.plist;
				LD_RUNPATH_SEARCH_PATHS = (
					"$(inherited)",
					"@executable_path/Frameworks",
				);
				PRODUCT_BUNDLE_IDENTIFIER = com.MANHYA.MPRouterManagerDelegate;
				PRODUCT_NAME = "$(TARGET_NAME)";
				SWIFT_VERSION = 5.0;
				TARGETED_DEVICE_FAMILY = "1,2";
			};
			name = Debug;
		};
		131BCCAB2474F3CF006112F9 /* Release */ = {
			isa = XCBuildConfiguration;
			buildSettings = {
				ASSETCATALOG_COMPILER_APPICON_NAME = AppIcon;
				CODE_SIGN_STYLE = Automatic;
				DEVELOPMENT_TEAM = ZPLDRYW6K2;
				INFOPLIST_FILE = MPRouterManagerDelegate/Info.plist;
				LD_RUNPATH_SEARCH_PATHS = (
					"$(inherited)",
					"@executable_path/Frameworks",
				);
				PRODUCT_BUNDLE_IDENTIFIER = com.MANHYA.MPRouterManagerDelegate;
				PRODUCT_NAME = "$(TARGET_NAME)";
				SWIFT_VERSION = 5.0;
				TARGETED_DEVICE_FAMILY = "1,2";
			};
			name = Release;
		};
/* End XCBuildConfiguration section */

/* Begin XCConfigurationList section */
		131BCC902474F3C9006112F9 /* Build configuration list for PBXProject "MPRouterManagerDelegate" */ = {
			isa = XCConfigurationList;
			buildConfigurations = (
				131BCCA72474F3CF006112F9 /* Debug */,
				131BCCA82474F3CF006112F9 /* Release */,
			);
			defaultConfigurationIsVisible = 0;
			defaultConfigurationName = Release;
		};
		131BCCA92474F3CF006112F9 /* Build configuration list for PBXNativeTarget "MPRouterManagerDelegate" */ = {
			isa = XCConfigurationList;
			buildConfigurations = (
				131BCCAA2474F3CF006112F9 /* Debug */,
				131BCCAB2474F3CF006112F9 /* Release */,
			);
			defaultConfigurationIsVisible = 0;
			defaultConfigurationName = Release;
		};
/* End XCConfigurationList section */
	};
	rootObject = 131BCC8D2474F3C9006112F9 /* Project object */;
}
